
Microsoft Visual Studio Solution File, Format Version 12.00
# Visual Studio Version 16
VisualStudioVersion = 16.0.29411.138
MinimumVisualStudioVersion = 10.0.40219.1
Project("{9A19103F-16F7-4668-BE54-9A1E7A4F7556}") = "InreachIPC", "InreachIPC.csproj", "{1C9EE642-E3D6-4C5E-9A5E-7513116B7386}"
EndProject
Project("{9A19103F-16F7-4668-BE54-9A1E7A4F7556}") = "InreachIPC Test", "Test\InreachIPC Test.csproj", "{5832313C-07DF-4512-96FA-A5F55981D190}"
EndProject
Global
	GlobalSection(SolutionConfigurationPlatforms) = preSolution
		Debug|Any CPU = Debug|Any CPU
		Release|Any CPU = Release|Any CPU
	EndGlobalSection
	GlobalSection(ProjectConfigurationPlatforms) = postSolution
		{1C9EE642-E3D6-4C5E-9A5E-7513116B7386}.Debug|Any CPU.ActiveCfg = Debug|Any CPU
		{1C9EE642-E3D6-4C5E-9A5E-7513116B7386}.Debug|Any CPU.Build.0 = Debug|Any CPU
		{1C9EE642-E3D6-4C5E-9A5E-7513116B7386}.Release|Any CPU.ActiveCfg = Release|Any CPU
		{1C9EE642-E3D6-4C5E-9A5E-7513116B7386}.Release|Any CPU.Build.0 = Release|Any CPU
		{5832313C-07DF-4512-96FA-A5F55981D190}.Debug|Any CPU.ActiveCfg = Debug|Any CPU
		{5832313C-07DF-4512-96FA-A5F55981D190}.Debug|Any CPU.Build.0 = Debug|Any CPU
		{5832313C-07DF-4512-96FA-A5F55981D190}.Release|Any CPU.ActiveCfg = Release|Any CPU
		{5832313C-07DF-4512-96FA-A5F55981D190}.Release|Any CPU.Build.0 = Release|Any CPU
	EndGlobalSection
	GlobalSection(SolutionProperties) = preSolution
		HideSolutionNode = FALSE
	EndGlobalSection
	GlobalSection(ExtensibilityGlobals) = postSolution
		SolutionGuid = {3898D2FE-891E-4ABC-AD13-529BD7F7849F}
	EndGlobalSection
EndGlobal
